
Microsoft Visual Studio Solution File, Format Version 12.00
# Visual Studio Version 17
VisualStudioVersion = 17.3.32819.101
MinimumVisualStudioVersion = 10.0.40219.1
Project("{FAE04EC0-301F-11D3-BF4B-00C04F79EFBC}") = "CabinvoiceGenerator", "CabinvoiceGenerator\CabinvoiceGenerator.csproj", "{79FB73D0-C291-4765-B1DD-CCC6331176B3}"
EndProject
Project("{FAE04EC0-301F-11D3-BF4B-00C04F79EFBC}") = "CabInvoiceGeneratorTest", "CabInvoiceGeneratorTest\CabInvoiceGeneratorTest.csproj", "{B11DE062-4D6A-4F71-9679-C61592EB631A}"
EndProject
Global
	GlobalSection(SolutionConfigurationPlatforms) = preSolution
		Debug|Any CPU = Debug|Any CPU
		Release|Any CPU = Release|Any CPU
	EndGlobalSection
	GlobalSection(ProjectConfigurationPlatforms) = postSolution
		{79FB73D0-C291-4765-B1DD-CCC6331176B3}.Debug|Any CPU.ActiveCfg = Debug|Any CPU
		{79FB73D0-C291-4765-B1DD-CCC6331176B3}.Debug|Any CPU.Build.0 = Debug|Any CPU
		{79FB73D0-C291-4765-B1DD-CCC6331176B3}.Release|Any CPU.ActiveCfg = Release|Any CPU
		{79FB73D0-C291-4765-B1DD-CCC6331176B3}.Release|Any CPU.Build.0 = Release|Any CPU
		{B11DE062-4D6A-4F71-9679-C61592EB631A}.Debug|Any CPU.ActiveCfg = Debug|Any CPU
		{B11DE062-4D6A-4F71-9679-C61592EB631A}.Debug|Any CPU.Build.0 = Debug|Any CPU
		{B11DE062-4D6A-4F71-9679-C61592EB631A}.Release|Any CPU.ActiveCfg = Release|Any CPU
		{B11DE062-4D6A-4F71-9679-C61592EB631A}.Release|Any CPU.Build.0 = Release|Any CPU
	EndGlobalSection
	GlobalSection(SolutionProperties) = preSolution
		HideSolutionNode = FALSE
	EndGlobalSection
	GlobalSection(ExtensibilityGlobals) = postSolution
		SolutionGuid = {CF0AA525-4972-4507-A69E-953681AF70DF}
	EndGlobalSection
EndGlobal
